
Microsoft Visual Studio Solution File, Format Version 12.00
# Visual Studio 15
VisualStudioVersion = 15.0.28307.1062
MinimumVisualStudioVersion = 10.0.40219.1
Project("{FAE04EC0-301F-11D3-BF4B-00C04F79EFBC}") = "TicketBooking.Core", "TicketBooking.Core\TicketBooking.Core.csproj", "{4E2B565B-9704-4C17-B762-E2274DC4D1BB}"
EndProject
Project("{FAE04EC0-301F-11D3-BF4B-00C04F79EFBC}") = "TicketBooking.Domain", "TicketBooking.Domain\TicketBooking.Domain.csproj", "{EC8E11B9-300A-4B3C-9A68-67BB10A2DE67}"
EndProject
Project("{FAE04EC0-301F-11D3-BF4B-00C04F79EFBC}") = "TicketBooking.Data", "TicketBooking.Data\TicketBooking.Data.csproj", "{99FC14D8-68D6-4D6F-8CE8-E125A83083C2}"
EndProject
Project("{FAE04EC0-301F-11D3-BF4B-00C04F79EFBC}") = "TicketBooking.Service", "TicketBooking.Service\TicketBooking.Service.csproj", "{99406ED0-9DD3-4B9E-8668-E590C0A559EF}"
EndProject
Project("{FAE04EC0-301F-11D3-BF4B-00C04F79EFBC}") = "TicketBooking.Test", "TicketBooking.Test\TicketBooking.Test.csproj", "{F33A2E23-CEB4-415E-9991-E01C5C45E53F}"
EndProject
Project("{FAE04EC0-301F-11D3-BF4B-00C04F79EFBC}") = "TicketBooking.Common", "TicketBooking.Common\TicketBooking.Common.csproj", "{A76D1134-31FE-4398-87CB-678BE15834FB}"
EndProject
Project("{FAE04EC0-301F-11D3-BF4B-00C04F79EFBC}") = "TicketBooking.Web", "TicketBooking.Web\TicketBooking.Web.csproj", "{D0B162CB-4593-4318-820D-82D45EA0C2AD}"
EndProject
Global
	GlobalSection(SolutionConfigurationPlatforms) = preSolution
		Debug|Any CPU = Debug|Any CPU
		Release|Any CPU = Release|Any CPU
	EndGlobalSection
	GlobalSection(ProjectConfigurationPlatforms) = postSolution
		{4E2B565B-9704-4C17-B762-E2274DC4D1BB}.Debug|Any CPU.ActiveCfg = Debug|Any CPU
		{4E2B565B-9704-4C17-B762-E2274DC4D1BB}.Debug|Any CPU.Build.0 = Debug|Any CPU
		{4E2B565B-9704-4C17-B762-E2274DC4D1BB}.Release|Any CPU.ActiveCfg = Release|Any CPU
		{4E2B565B-9704-4C17-B762-E2274DC4D1BB}.Release|Any CPU.Build.0 = Release|Any CPU
		{EC8E11B9-300A-4B3C-9A68-67BB10A2DE67}.Debug|Any CPU.ActiveCfg = Debug|Any CPU
		{EC8E11B9-300A-4B3C-9A68-67BB10A2DE67}.Debug|Any CPU.Build.0 = Debug|Any CPU
		{EC8E11B9-300A-4B3C-9A68-67BB10A2DE67}.Release|Any CPU.ActiveCfg = Release|Any CPU
		{EC8E11B9-300A-4B3C-9A68-67BB10A2DE67}.Release|Any CPU.Build.0 = Release|Any CPU
		{99FC14D8-68D6-4D6F-8CE8-E125A83083C2}.Debug|Any CPU.ActiveCfg = Debug|Any CPU
		{99FC14D8-68D6-4D6F-8CE8-E125A83083C2}.Debug|Any CPU.Build.0 = Debug|Any CPU
		{99FC14D8-68D6-4D6F-8CE8-E125A83083C2}.Release|Any CPU.ActiveCfg = Release|Any CPU
		{99FC14D8-68D6-4D6F-8CE8-E125A83083C2}.Release|Any CPU.Build.0 = Release|Any CPU
		{99406ED0-9DD3-4B9E-8668-E590C0A559EF}.Debug|Any CPU.ActiveCfg = Debug|Any CPU
		{99406ED0-9DD3-4B9E-8668-E590C0A559EF}.Debug|Any CPU.Build.0 = Debug|Any CPU
		{99406ED0-9DD3-4B9E-8668-E590C0A559EF}.Release|Any CPU.ActiveCfg = Release|Any CPU
		{99406ED0-9DD3-4B9E-8668-E590C0A559EF}.Release|Any CPU.Build.0 = Release|Any CPU
		{F33A2E23-CEB4-415E-9991-E01C5C45E53F}.Debug|Any CPU.ActiveCfg = Debug|Any CPU
		{F33A2E23-CEB4-415E-9991-E01C5C45E53F}.Debug|Any CPU.Build.0 = Debug|Any CPU
		{F33A2E23-CEB4-415E-9991-E01C5C45E53F}.Release|Any CPU.ActiveCfg = Release|Any CPU
		{F33A2E23-CEB4-415E-9991-E01C5C45E53F}.Release|Any CPU.Build.0 = Release|Any CPU
		{A76D1134-31FE-4398-87CB-678BE15834FB}.Debug|Any CPU.ActiveCfg = Debug|Any CPU
		{A76D1134-31FE-4398-87CB-678BE15834FB}.Debug|Any CPU.Build.0 = Debug|Any CPU
		{A76D1134-31FE-4398-87CB-678BE15834FB}.Release|Any CPU.ActiveCfg = Release|Any CPU
		{A76D1134-31FE-4398-87CB-678BE15834FB}.Release|Any CPU.Build.0 = Release|Any CPU
		{D0B162CB-4593-4318-820D-82D45EA0C2AD}.Debug|Any CPU.ActiveCfg = Debug|Any CPU
		{D0B162CB-4593-4318-820D-82D45EA0C2AD}.Debug|Any CPU.Build.0 = Debug|Any CPU
		{D0B162CB-4593-4318-820D-82D45EA0C2AD}.Release|Any CPU.ActiveCfg = Release|Any CPU
		{D0B162CB-4593-4318-820D-82D45EA0C2AD}.Release|Any CPU.Build.0 = Release|Any CPU
	EndGlobalSection
	GlobalSection(SolutionProperties) = preSolution
		HideSolutionNode = FALSE
	EndGlobalSection
	GlobalSection(ExtensibilityGlobals) = postSolution
		SolutionGuid = {3FC785C8-D6A0-4507-8C6E-A6741DD08A74}
	EndGlobalSection
EndGlobal
