
Microsoft Visual Studio Solution File, Format Version 12.00
# Visual Studio Version 16
VisualStudioVersion = 16.0.29920.165
MinimumVisualStudioVersion = 10.0.40219.1
Project("{9A19103F-16F7-4668-BE54-9A1E7A4F7556}") = "TicketBook.Domain", "TicketBook.Domain\TicketBook.Domain.csproj", "{ACE61791-AC46-4277-9A8E-A433FD057880}"
EndProject
Project("{9A19103F-16F7-4668-BE54-9A1E7A4F7556}") = "TicketBook.Data", "TicketBook.Data\TicketBook.Data.csproj", "{E07C438C-E6E4-4B54-8E64-DE6CAA4079EF}"
EndProject
Project("{9A19103F-16F7-4668-BE54-9A1E7A4F7556}") = "TicketBook.Core", "TicketBook.Core\TicketBook.Core.csproj", "{5B3A315D-B46E-4C72-BF12-92F79E8E56BC}"
EndProject
Project("{9A19103F-16F7-4668-BE54-9A1E7A4F7556}") = "TicketBook.Common", "TicketBook.Common\TicketBook.Common.csproj", "{E7C3EF45-5AF2-4F4F-A3AA-7E0A87895A17}"
EndProject
Project("{9A19103F-16F7-4668-BE54-9A1E7A4F7556}") = "TicketBook.Test", "TicketBook.Test\TicketBook.Test.csproj", "{20302E31-A482-4399-A2DE-01BE33261F7E}"
EndProject
Project("{FAE04EC0-301F-11D3-BF4B-00C04F79EFBC}") = "TicketBook.Web", "TicketBook.Web\TicketBook.Web.csproj", "{F3F284BD-8C59-47A6-99B2-0BB1DF64DB03}"
EndProject
Project("{FAE04EC0-301F-11D3-BF4B-00C04F79EFBC}") = "TicketBook.Service", "TicketBook.Service\TicketBook.Service.csproj", "{DC1D7425-A41C-4BFD-B1ED-AB66C2CE88A9}"
EndProject
Global
	GlobalSection(SolutionConfigurationPlatforms) = preSolution
		Debug|Any CPU = Debug|Any CPU
		Release|Any CPU = Release|Any CPU
	EndGlobalSection
	GlobalSection(ProjectConfigurationPlatforms) = postSolution
		{ACE61791-AC46-4277-9A8E-A433FD057880}.Debug|Any CPU.ActiveCfg = Debug|Any CPU
		{ACE61791-AC46-4277-9A8E-A433FD057880}.Debug|Any CPU.Build.0 = Debug|Any CPU
		{ACE61791-AC46-4277-9A8E-A433FD057880}.Release|Any CPU.ActiveCfg = Release|Any CPU
		{ACE61791-AC46-4277-9A8E-A433FD057880}.Release|Any CPU.Build.0 = Release|Any CPU
		{E07C438C-E6E4-4B54-8E64-DE6CAA4079EF}.Debug|Any CPU.ActiveCfg = Debug|Any CPU
		{E07C438C-E6E4-4B54-8E64-DE6CAA4079EF}.Debug|Any CPU.Build.0 = Debug|Any CPU
		{E07C438C-E6E4-4B54-8E64-DE6CAA4079EF}.Release|Any CPU.ActiveCfg = Release|Any CPU
		{E07C438C-E6E4-4B54-8E64-DE6CAA4079EF}.Release|Any CPU.Build.0 = Release|Any CPU
		{5B3A315D-B46E-4C72-BF12-92F79E8E56BC}.Debug|Any CPU.ActiveCfg = Debug|Any CPU
		{5B3A315D-B46E-4C72-BF12-92F79E8E56BC}.Debug|Any CPU.Build.0 = Debug|Any CPU
		{5B3A315D-B46E-4C72-BF12-92F79E8E56BC}.Release|Any CPU.ActiveCfg = Release|Any CPU
		{5B3A315D-B46E-4C72-BF12-92F79E8E56BC}.Release|Any CPU.Build.0 = Release|Any CPU
		{E7C3EF45-5AF2-4F4F-A3AA-7E0A87895A17}.Debug|Any CPU.ActiveCfg = Debug|Any CPU
		{E7C3EF45-5AF2-4F4F-A3AA-7E0A87895A17}.Debug|Any CPU.Build.0 = Debug|Any CPU
		{E7C3EF45-5AF2-4F4F-A3AA-7E0A87895A17}.Release|Any CPU.ActiveCfg = Release|Any CPU
		{E7C3EF45-5AF2-4F4F-A3AA-7E0A87895A17}.Release|Any CPU.Build.0 = Release|Any CPU
		{20302E31-A482-4399-A2DE-01BE33261F7E}.Debug|Any CPU.ActiveCfg = Debug|Any CPU
		{20302E31-A482-4399-A2DE-01BE33261F7E}.Debug|Any CPU.Build.0 = Debug|Any CPU
		{20302E31-A482-4399-A2DE-01BE33261F7E}.Release|Any CPU.ActiveCfg = Release|Any CPU
		{20302E31-A482-4399-A2DE-01BE33261F7E}.Release|Any CPU.Build.0 = Release|Any CPU
		{F3F284BD-8C59-47A6-99B2-0BB1DF64DB03}.Debug|Any CPU.ActiveCfg = Debug|Any CPU
		{F3F284BD-8C59-47A6-99B2-0BB1DF64DB03}.Debug|Any CPU.Build.0 = Debug|Any CPU
		{F3F284BD-8C59-47A6-99B2-0BB1DF64DB03}.Release|Any CPU.ActiveCfg = Release|Any CPU
		{F3F284BD-8C59-47A6-99B2-0BB1DF64DB03}.Release|Any CPU.Build.0 = Release|Any CPU
		{DC1D7425-A41C-4BFD-B1ED-AB66C2CE88A9}.Debug|Any CPU.ActiveCfg = Debug|Any CPU
		{DC1D7425-A41C-4BFD-B1ED-AB66C2CE88A9}.Debug|Any CPU.Build.0 = Debug|Any CPU
		{DC1D7425-A41C-4BFD-B1ED-AB66C2CE88A9}.Release|Any CPU.ActiveCfg = Release|Any CPU
		{DC1D7425-A41C-4BFD-B1ED-AB66C2CE88A9}.Release|Any CPU.Build.0 = Release|Any CPU
	EndGlobalSection
	GlobalSection(SolutionProperties) = preSolution
		HideSolutionNode = FALSE
	EndGlobalSection
	GlobalSection(ExtensibilityGlobals) = postSolution
		SolutionGuid = {9B1E136A-21C4-4488-8FBD-3591E58BBA8D}
	EndGlobalSection
EndGlobal
